// !$*UTF8*$!
{
	archiveVersion = 1;
	classes = {
	};
	objectVersion = 55;
	objects = {

/* Begin PBXBuildFile section */
		5127E7A827FB3E5000ECD249 /* CurrencyViewController.swift in Sources */ = {isa = PBXBuildFile; fileRef = 51C1436527F72CB900E59A5E /* CurrencyViewController.swift */; };
		514603CA27FEEAEC00767A82 /* Alamofire in Frameworks */ = {isa = PBXBuildFile; productRef = 514603C927FEEAEC00767A82 /* Alamofire */; };
		514F9528280C636200753E6E /* CurrencyInfoViewController.swift in Sources */ = {isa = PBXBuildFile; fileRef = 514F9527280C636200753E6E /* CurrencyInfoViewController.swift */; };
		517F8F35280718EB00F460F6 /* CurrencyRate.swift in Sources */ = {isa = PBXBuildFile; fileRef = 517F8F34280718EB00F460F6 /* CurrencyRate.swift */; };
		517F8F372807195D00F460F6 /* CurrencyModel.swift in Sources */ = {isa = PBXBuildFile; fileRef = 517F8F362807195D00F460F6 /* CurrencyModel.swift */; };
		518BA3F0280B149000667078 /* CurrencyViewModel.swift in Sources */ = {isa = PBXBuildFile; fileRef = 518BA3EF280B149000667078 /* CurrencyViewModel.swift */; };
		51AB720227E8613E0077A20E /* FormattingUtils.swift in Sources */ = {isa = PBXBuildFile; fileRef = 51AB720127E8613E0077A20E /* FormattingUtils.swift */; };
		51AB720427E87BA20077A20E /* FormatterProtocol.swift in Sources */ = {isa = PBXBuildFile; fileRef = 51AB720327E87BA20077A20E /* FormatterProtocol.swift */; };
		51C1436927F73C7600E59A5E /* CurrencyCollectionViewCell.swift in Sources */ = {isa = PBXBuildFile; fileRef = 51C1436727F73C7600E59A5E /* CurrencyCollectionViewCell.swift */; };
		51C1436A27F73C7600E59A5E /* CurrencyCollectionViewCell.xib in Resources */ = {isa = PBXBuildFile; fileRef = 51C1436827F73C7600E59A5E /* CurrencyCollectionViewCell.xib */; };
		51C1436B27F74CF000E59A5E /* CurrencyCollectionViewCell.xib in Resources */ = {isa = PBXBuildFile; fileRef = 51C1436827F73C7600E59A5E /* CurrencyCollectionViewCell.xib */; };
		51C1436C27F74CF000E59A5E /* CurrencyCollectionViewCell.xib in Resources */ = {isa = PBXBuildFile; fileRef = 51C1436827F73C7600E59A5E /* CurrencyCollectionViewCell.xib */; };
		51D2C17327F300CE006B8D23 /* CurrencyData.swift in Sources */ = {isa = PBXBuildFile; fileRef = 51D2C17227F300CE006B8D23 /* CurrencyData.swift */; };
		51F000B327E1F2C500856D68 /* AppDelegate.swift in Sources */ = {isa = PBXBuildFile; fileRef = 51F000B227E1F2C500856D68 /* AppDelegate.swift */; };
		51F000B527E1F2C500856D68 /* SceneDelegate.swift in Sources */ = {isa = PBXBuildFile; fileRef = 51F000B427E1F2C500856D68 /* SceneDelegate.swift */; };
		51F000BA27E1F2C500856D68 /* Main.storyboard in Resources */ = {isa = PBXBuildFile; fileRef = 51F000B827E1F2C500856D68 /* Main.storyboard */; };
		51F000BC27E1F2CA00856D68 /* Assets.xcassets in Resources */ = {isa = PBXBuildFile; fileRef = 51F000BB27E1F2CA00856D68 /* Assets.xcassets */; };
		51F000BF27E1F2CA00856D68 /* LaunchScreen.storyboard in Resources */ = {isa = PBXBuildFile; fileRef = 51F000BD27E1F2CA00856D68 /* LaunchScreen.storyboard */; };
		51F000CA27E1F2CA00856D68 /* CurrencyConverterTests.swift in Sources */ = {isa = PBXBuildFile; fileRef = 51F000C927E1F2CA00856D68 /* CurrencyConverterTests.swift */; };
		51F000D427E1F2CA00856D68 /* CurrencyConverterUITests.swift in Sources */ = {isa = PBXBuildFile; fileRef = 51F000D327E1F2CA00856D68 /* CurrencyConverterUITests.swift */; };
		51F000D627E1F2CA00856D68 /* CurrencyConverterUITestsLaunchTests.swift in Sources */ = {isa = PBXBuildFile; fileRef = 51F000D527E1F2CA00856D68 /* CurrencyConverterUITestsLaunchTests.swift */; };
		51FF346527E5EFC300E4FC57 /* CurrencyPresenter.swift in Sources */ = {isa = PBXBuildFile; fileRef = 51FF346427E5EFC300E4FC57 /* CurrencyPresenter.swift */; };
		51FF346727E5F12900E4FC57 /* CurrencyViewOutput.swift in Sources */ = {isa = PBXBuildFile; fileRef = 51FF346627E5F12900E4FC57 /* CurrencyViewOutput.swift */; };
		51FF346B27E5F5A200E4FC57 /* CurrencyViewInput.swift in Sources */ = {isa = PBXBuildFile; fileRef = 51FF346A27E5F5A200E4FC57 /* CurrencyViewInput.swift */; };
/* End PBXBuildFile section */

/* Begin PBXContainerItemProxy section */
		51F000C627E1F2CA00856D68 /* PBXContainerItemProxy */ = {
			isa = PBXContainerItemProxy;
			containerPortal = 51F000A727E1F2C500856D68 /* Project object */;
			proxyType = 1;
			remoteGlobalIDString = 51F000AE27E1F2C500856D68;
			remoteInfo = "СurrencyConverter";
		};
		51F000D027E1F2CA00856D68 /* PBXContainerItemProxy */ = {
			isa = PBXContainerItemProxy;
			containerPortal = 51F000A727E1F2C500856D68 /* Project object */;
			proxyType = 1;
			remoteGlobalIDString = 51F000AE27E1F2C500856D68;
			remoteInfo = "СurrencyConverter";
		};
/* End PBXContainerItemProxy section */

/* Begin PBXFileReference section */
		514F9527280C636200753E6E /* CurrencyInfoViewController.swift */ = {isa = PBXFileReference; lastKnownFileType = sourcecode.swift; path = CurrencyInfoViewController.swift; sourceTree = "<group>"; };
		517F8F34280718EB00F460F6 /* CurrencyRate.swift */ = {isa = PBXFileReference; lastKnownFileType = sourcecode.swift; path = CurrencyRate.swift; sourceTree = "<group>"; };
		517F8F362807195D00F460F6 /* CurrencyModel.swift */ = {isa = PBXFileReference; lastKnownFileType = sourcecode.swift; path = CurrencyModel.swift; sourceTree = "<group>"; };
		518BA3EF280B149000667078 /* CurrencyViewModel.swift */ = {isa = PBXFileReference; lastKnownFileType = sourcecode.swift; path = CurrencyViewModel.swift; sourceTree = "<group>"; };
		51AB720127E8613E0077A20E /* FormattingUtils.swift */ = {isa = PBXFileReference; lastKnownFileType = sourcecode.swift; path = FormattingUtils.swift; sourceTree = "<group>"; };
		51AB720327E87BA20077A20E /* FormatterProtocol.swift */ = {isa = PBXFileReference; lastKnownFileType = sourcecode.swift; path = FormatterProtocol.swift; sourceTree = "<group>"; };
		51C1436527F72CB900E59A5E /* CurrencyViewController.swift */ = {isa = PBXFileReference; lastKnownFileType = sourcecode.swift; path = CurrencyViewController.swift; sourceTree = "<group>"; };
		51C1436727F73C7600E59A5E /* CurrencyCollectionViewCell.swift */ = {isa = PBXFileReference; lastKnownFileType = sourcecode.swift; path = CurrencyCollectionViewCell.swift; sourceTree = "<group>"; };
		51C1436827F73C7600E59A5E /* CurrencyCollectionViewCell.xib */ = {isa = PBXFileReference; lastKnownFileType = file.xib; path = CurrencyCollectionViewCell.xib; sourceTree = "<group>"; };
		51D2C17227F300CE006B8D23 /* CurrencyData.swift */ = {isa = PBXFileReference; lastKnownFileType = sourcecode.swift; path = CurrencyData.swift; sourceTree = "<group>"; };
		51F000AF27E1F2C500856D68 /* СurrencyConverter.app */ = {isa = PBXFileReference; explicitFileType = wrapper.application; includeInIndex = 0; path = "СurrencyConverter.app"; sourceTree = BUILT_PRODUCTS_DIR; };
		51F000B227E1F2C500856D68 /* AppDelegate.swift */ = {isa = PBXFileReference; lastKnownFileType = sourcecode.swift; path = AppDelegate.swift; sourceTree = "<group>"; };
		51F000B427E1F2C500856D68 /* SceneDelegate.swift */ = {isa = PBXFileReference; lastKnownFileType = sourcecode.swift; path = SceneDelegate.swift; sourceTree = "<group>"; };
		51F000B927E1F2C500856D68 /* Base */ = {isa = PBXFileReference; lastKnownFileType = file.storyboard; name = Base; path = Base.lproj/Main.storyboard; sourceTree = "<group>"; };
		51F000BB27E1F2CA00856D68 /* Assets.xcassets */ = {isa = PBXFileReference; lastKnownFileType = folder.assetcatalog; path = Assets.xcassets; sourceTree = "<group>"; };
		51F000BE27E1F2CA00856D68 /* Base */ = {isa = PBXFileReference; lastKnownFileType = file.storyboard; name = Base; path = Base.lproj/LaunchScreen.storyboard; sourceTree = "<group>"; };
		51F000C027E1F2CA00856D68 /* Info.plist */ = {isa = PBXFileReference; lastKnownFileType = text.plist.xml; path = Info.plist; sourceTree = "<group>"; };
		51F000C527E1F2CA00856D68 /* СurrencyConverterTests.xctest */ = {isa = PBXFileReference; explicitFileType = wrapper.cfbundle; includeInIndex = 0; path = "СurrencyConverterTests.xctest"; sourceTree = BUILT_PRODUCTS_DIR; };
		51F000C927E1F2CA00856D68 /* CurrencyConverterTests.swift */ = {isa = PBXFileReference; lastKnownFileType = sourcecode.swift; path = CurrencyConverterTests.swift; sourceTree = "<group>"; };
		51F000CF27E1F2CA00856D68 /* СurrencyConverterUITests.xctest */ = {isa = PBXFileReference; explicitFileType = wrapper.cfbundle; includeInIndex = 0; path = "СurrencyConverterUITests.xctest"; sourceTree = BUILT_PRODUCTS_DIR; };
		51F000D327E1F2CA00856D68 /* CurrencyConverterUITests.swift */ = {isa = PBXFileReference; lastKnownFileType = sourcecode.swift; path = CurrencyConverterUITests.swift; sourceTree = "<group>"; };
		51F000D527E1F2CA00856D68 /* CurrencyConverterUITestsLaunchTests.swift */ = {isa = PBXFileReference; lastKnownFileType = sourcecode.swift; path = CurrencyConverterUITestsLaunchTests.swift; sourceTree = "<group>"; };
		51F471A6280033D5002BA034 /* SwiftyJSON-master */ = {isa = PBXFileReference; lastKnownFileType = wrapper; name = "SwiftyJSON-master"; path = "../../../Downloads/SwiftyJSON-master"; sourceTree = "<group>"; };
		51F471A72800374D002BA034 /* SwiftyJSON-master */ = {isa = PBXFileReference; lastKnownFileType = wrapper; name = "SwiftyJSON-master"; path = "../../../Downloads/SwiftyJSON-master"; sourceTree = "<group>"; };
		51FF346427E5EFC300E4FC57 /* CurrencyPresenter.swift */ = {isa = PBXFileReference; lastKnownFileType = sourcecode.swift; path = CurrencyPresenter.swift; sourceTree = "<group>"; };
		51FF346627E5F12900E4FC57 /* CurrencyViewOutput.swift */ = {isa = PBXFileReference; lastKnownFileType = sourcecode.swift; path = CurrencyViewOutput.swift; sourceTree = "<group>"; };
		51FF346A27E5F5A200E4FC57 /* CurrencyViewInput.swift */ = {isa = PBXFileReference; lastKnownFileType = sourcecode.swift; path = CurrencyViewInput.swift; sourceTree = "<group>"; };
/* End PBXFileReference section */

/* Begin PBXFrameworksBuildPhase section */
		51F000AC27E1F2C500856D68 /* Frameworks */ = {
			isa = PBXFrameworksBuildPhase;
			buildActionMask = 2147483647;
			files = (
				514603CA27FEEAEC00767A82 /* Alamofire in Frameworks */,
			);
			runOnlyForDeploymentPostprocessing = 0;
		};
		51F000C227E1F2CA00856D68 /* Frameworks */ = {
			isa = PBXFrameworksBuildPhase;
			buildActionMask = 2147483647;
			files = (
			);
			runOnlyForDeploymentPostprocessing = 0;
		};
		51F000CC27E1F2CA00856D68 /* Frameworks */ = {
			isa = PBXFrameworksBuildPhase;
			buildActionMask = 2147483647;
			files = (
			);
			runOnlyForDeploymentPostprocessing = 0;
		};
/* End PBXFrameworksBuildPhase section */

/* Begin PBXGroup section */
		518BA3E92809ABC100667078 /* CurrencyInfo */ = {
			isa = PBXGroup;
			children = (
				518BA3EA2809ABCE00667078 /* View */,
			);
			path = CurrencyInfo;
			sourceTree = "<group>";
		};
		518BA3EA2809ABCE00667078 /* View */ = {
			isa = PBXGroup;
			children = (
				514F9527280C636200753E6E /* CurrencyInfoViewController.swift */,
			);
			path = View;
			sourceTree = "<group>";
		};
		518BA3ED280B087300667078 /* Services */ = {
			isa = PBXGroup;
			children = (
				51D2C17227F300CE006B8D23 /* CurrencyData.swift */,
			);
			path = Services;
			sourceTree = "<group>";
		};
		518BA3EE280B0CA100667078 /* Protocols */ = {
			isa = PBXGroup;
			children = (
				51FF346627E5F12900E4FC57 /* CurrencyViewOutput.swift */,
				51FF346A27E5F5A200E4FC57 /* CurrencyViewInput.swift */,
				51AB720327E87BA20077A20E /* FormatterProtocol.swift */,
			);
			path = Protocols;
			sourceTree = "<group>";
		};
		51D2C16827F2FA8A006B8D23 /* CurrencyCell */ = {
			isa = PBXGroup;
			children = (
				51C1436727F73C7600E59A5E /* CurrencyCollectionViewCell.swift */,
				51C1436827F73C7600E59A5E /* CurrencyCollectionViewCell.xib */,
			);
			path = CurrencyCell;
			sourceTree = "<group>";
		};
		51D2C17127F2FFF7006B8D23 /* Model */ = {
			isa = PBXGroup;
			children = (
				517F8F34280718EB00F460F6 /* CurrencyRate.swift */,
				517F8F362807195D00F460F6 /* CurrencyModel.swift */,
				518BA3EF280B149000667078 /* CurrencyViewModel.swift */,
			);
			path = Model;
			sourceTree = "<group>";
		};
		51F000A627E1F2C500856D68 = {
			isa = PBXGroup;
			children = (
				51F471A5280033D5002BA034 /* Packages */,
				51F000B127E1F2C500856D68 /* СurrencyConverter */,
				51F000C827E1F2CA00856D68 /* СurrencyConverterTests */,
				51F000D227E1F2CA00856D68 /* СurrencyConverterUITests */,
				51F000B027E1F2C500856D68 /* Products */,
			);
			sourceTree = "<group>";
		};
		51F000B027E1F2C500856D68 /* Products */ = {
			isa = PBXGroup;
			children = (
				51F000AF27E1F2C500856D68 /* СurrencyConverter.app */,
				51F000C527E1F2CA00856D68 /* СurrencyConverterTests.xctest */,
				51F000CF27E1F2CA00856D68 /* СurrencyConverterUITests.xctest */,
			);
			name = Products;
			sourceTree = "<group>";
		};
		51F000B127E1F2C500856D68 /* СurrencyConverter */ = {
			isa = PBXGroup;
			children = (
				51F000B227E1F2C500856D68 /* AppDelegate.swift */,
				51F000B427E1F2C500856D68 /* SceneDelegate.swift */,
				51AB720127E8613E0077A20E /* FormattingUtils.swift */,
				51FF346327E5EF2B00E4FC57 /* Scences */,
				51F000B827E1F2C500856D68 /* Main.storyboard */,
				51F000BB27E1F2CA00856D68 /* Assets.xcassets */,
				51F000BD27E1F2CA00856D68 /* LaunchScreen.storyboard */,
				51F000C027E1F2CA00856D68 /* Info.plist */,
			);
			path = "СurrencyConverter";
			sourceTree = "<group>";
		};
		51F000C827E1F2CA00856D68 /* СurrencyConverterTests */ = {
			isa = PBXGroup;
			children = (
				51F000C927E1F2CA00856D68 /* CurrencyConverterTests.swift */,
			);
			path = "СurrencyConverterTests";
			sourceTree = "<group>";
		};
		51F000D227E1F2CA00856D68 /* СurrencyConverterUITests */ = {
			isa = PBXGroup;
			children = (
				51F000D327E1F2CA00856D68 /* CurrencyConverterUITests.swift */,
				51F000D527E1F2CA00856D68 /* CurrencyConverterUITestsLaunchTests.swift */,
			);
			path = "СurrencyConverterUITests";
			sourceTree = "<group>";
		};
		51F471A5280033D5002BA034 /* Packages */ = {
			isa = PBXGroup;
			children = (
				51F471A6280033D5002BA034 /* SwiftyJSON-master */,
				51F471A72800374D002BA034 /* SwiftyJSON-master */,
			);
			name = Packages;
			sourceTree = "<group>";
		};
		51FF346227E5EF1000E4FC57 /* Currency */ = {
			isa = PBXGroup;
			children = (
				518BA3EE280B0CA100667078 /* Protocols */,
				518BA3ED280B087300667078 /* Services */,
				51D2C17127F2FFF7006B8D23 /* Model */,
				51FF346927E5F34200E4FC57 /* Presenter */,
				51FF346827E5F33C00E4FC57 /* View */,
			);
			path = Currency;
			sourceTree = "<group>";
		};
		51FF346327E5EF2B00E4FC57 /* Scences */ = {
			isa = PBXGroup;
			children = (
				51FF346227E5EF1000E4FC57 /* Currency */,
				518BA3E92809ABC100667078 /* CurrencyInfo */,
			);
			path = Scences;
			sourceTree = "<group>";
		};
		51FF346827E5F33C00E4FC57 /* View */ = {
			isa = PBXGroup;
			children = (
				51C1436527F72CB900E59A5E /* CurrencyViewController.swift */,
				51D2C16827F2FA8A006B8D23 /* CurrencyCell */,
			);
			path = View;
			sourceTree = "<group>";
		};
		51FF346927E5F34200E4FC57 /* Presenter */ = {
			isa = PBXGroup;
			children = (
				51FF346427E5EFC300E4FC57 /* CurrencyPresenter.swift */,
			);
			path = Presenter;
			sourceTree = "<group>";
		};
/* End PBXGroup section */

/* Begin PBXNativeTarget section */
		51F000AE27E1F2C500856D68 /* СurrencyConverter */ = {
			isa = PBXNativeTarget;
			buildConfigurationList = 51F000D927E1F2CA00856D68 /* Build configuration list for PBXNativeTarget "СurrencyConverter" */;
			buildPhases = (
				51F000AB27E1F2C500856D68 /* Sources */,
				51F000AC27E1F2C500856D68 /* Frameworks */,
				51F000AD27E1F2C500856D68 /* Resources */,
			);
			buildRules = (
			);
			dependencies = (
			);
			name = "СurrencyConverter";
			packageProductDependencies = (
				514603C927FEEAEC00767A82 /* Alamofire */,
			);
			productName = "СurrencyConverter";
			productReference = 51F000AF27E1F2C500856D68 /* СurrencyConverter.app */;
			productType = "com.apple.product-type.application";
		};
		51F000C427E1F2CA00856D68 /* СurrencyConverterTests */ = {
			isa = PBXNativeTarget;
			buildConfigurationList = 51F000DC27E1F2CA00856D68 /* Build configuration list for PBXNativeTarget "СurrencyConverterTests" */;
			buildPhases = (
				51F000C127E1F2CA00856D68 /* Sources */,
				51F000C227E1F2CA00856D68 /* Frameworks */,
				51F000C327E1F2CA00856D68 /* Resources */,
			);
			buildRules = (
			);
			dependencies = (
				51F000C727E1F2CA00856D68 /* PBXTargetDependency */,
			);
			name = "СurrencyConverterTests";
			productName = "СurrencyConverterTests";
			productReference = 51F000C527E1F2CA00856D68 /* СurrencyConverterTests.xctest */;
			productType = "com.apple.product-type.bundle.unit-test";
		};
		51F000CE27E1F2CA00856D68 /* СurrencyConverterUITests */ = {
			isa = PBXNativeTarget;
			buildConfigurationList = 51F000DF27E1F2CA00856D68 /* Build configuration list for PBXNativeTarget "СurrencyConverterUITests" */;
			buildPhases = (
				51F000CB27E1F2CA00856D68 /* Sources */,
				51F000CC27E1F2CA00856D68 /* Frameworks */,
				51F000CD27E1F2CA00856D68 /* Resources */,
			);
			buildRules = (
			);
			dependencies = (
				51F000D127E1F2CA00856D68 /* PBXTargetDependency */,
			);
			name = "СurrencyConverterUITests";
			productName = "СurrencyConverterUITests";
			productReference = 51F000CF27E1F2CA00856D68 /* СurrencyConverterUITests.xctest */;
			productType = "com.apple.product-type.bundle.ui-testing";
		};
/* End PBXNativeTarget section */

/* Begin PBXProject section */
		51F000A727E1F2C500856D68 /* Project object */ = {
			isa = PBXProject;
			attributes = {
				BuildIndependentTargetsInParallel = 1;
				LastSwiftUpdateCheck = 1320;
				LastUpgradeCheck = 1320;
				TargetAttributes = {
					51F000AE27E1F2C500856D68 = {
						CreatedOnToolsVersion = 13.2.1;
					};
					51F000C427E1F2CA00856D68 = {
						CreatedOnToolsVersion = 13.2.1;
						TestTargetID = 51F000AE27E1F2C500856D68;
					};
					51F000CE27E1F2CA00856D68 = {
						CreatedOnToolsVersion = 13.2.1;
						TestTargetID = 51F000AE27E1F2C500856D68;
					};
				};
			};
			buildConfigurationList = 51F000AA27E1F2C500856D68 /* Build configuration list for PBXProject "СurrencyConverter" */;
			compatibilityVersion = "Xcode 13.0";
			developmentRegion = en;
			hasScannedForEncodings = 0;
			knownRegions = (
				en,
				Base,
			);
			mainGroup = 51F000A627E1F2C500856D68;
			packageReferences = (
				514603C827FEEAEC00767A82 /* XCRemoteSwiftPackageReference "Alamofire" */,
			);
			productRefGroup = 51F000B027E1F2C500856D68 /* Products */;
			projectDirPath = "";
			projectRoot = "";
			targets = (
				51F000AE27E1F2C500856D68 /* СurrencyConverter */,
				51F000C427E1F2CA00856D68 /* СurrencyConverterTests */,
				51F000CE27E1F2CA00856D68 /* СurrencyConverterUITests */,
			);
		};
/* End PBXProject section */

/* Begin PBXResourcesBuildPhase section */
		51F000AD27E1F2C500856D68 /* Resources */ = {
			isa = PBXResourcesBuildPhase;
			buildActionMask = 2147483647;
			files = (
				51F000BF27E1F2CA00856D68 /* LaunchScreen.storyboard in Resources */,
				51C1436A27F73C7600E59A5E /* CurrencyCollectionViewCell.xib in Resources */,
				51F000BC27E1F2CA00856D68 /* Assets.xcassets in Resources */,
				51F000BA27E1F2C500856D68 /* Main.storyboard in Resources */,
			);
			runOnlyForDeploymentPostprocessing = 0;
		};
		51F000C327E1F2CA00856D68 /* Resources */ = {
			isa = PBXResourcesBuildPhase;
			buildActionMask = 2147483647;
			files = (
				51C1436B27F74CF000E59A5E /* CurrencyCollectionViewCell.xib in Resources */,
			);
			runOnlyForDeploymentPostprocessing = 0;
		};
		51F000CD27E1F2CA00856D68 /* Resources */ = {
			isa = PBXResourcesBuildPhase;
			buildActionMask = 2147483647;
			files = (
				51C1436C27F74CF000E59A5E /* CurrencyCollectionViewCell.xib in Resources */,
			);
			runOnlyForDeploymentPostprocessing = 0;
		};
/* End PBXResourcesBuildPhase section */

/* Begin PBXSourcesBuildPhase section */
		51F000AB27E1F2C500856D68 /* Sources */ = {
			isa = PBXSourcesBuildPhase;
			buildActionMask = 2147483647;
			files = (
				514F9528280C636200753E6E /* CurrencyInfoViewController.swift in Sources */,
				51AB720427E87BA20077A20E /* FormatterProtocol.swift in Sources */,
				51FF346B27E5F5A200E4FC57 /* CurrencyViewInput.swift in Sources */,
				51FF346727E5F12900E4FC57 /* CurrencyViewOutput.swift in Sources */,
				518BA3F0280B149000667078 /* CurrencyViewModel.swift in Sources */,
				51AB720227E8613E0077A20E /* FormattingUtils.swift in Sources */,
				517F8F372807195D00F460F6 /* CurrencyModel.swift in Sources */,
				517F8F35280718EB00F460F6 /* CurrencyRate.swift in Sources */,
				51F000B327E1F2C500856D68 /* AppDelegate.swift in Sources */,
				51C1436927F73C7600E59A5E /* CurrencyCollectionViewCell.swift in Sources */,
				51FF346527E5EFC300E4FC57 /* CurrencyPresenter.swift in Sources */,
				51D2C17327F300CE006B8D23 /* CurrencyData.swift in Sources */,
				5127E7A827FB3E5000ECD249 /* CurrencyViewController.swift in Sources */,
				51F000B527E1F2C500856D68 /* SceneDelegate.swift in Sources */,
			);
			runOnlyForDeploymentPostprocessing = 0;
		};
		51F000C127E1F2CA00856D68 /* Sources */ = {
			isa = PBXSourcesBuildPhase;
			buildActionMask = 2147483647;
			files = (
				51F000CA27E1F2CA00856D68 /* CurrencyConverterTests.swift in Sources */,
			);
			runOnlyForDeploymentPostprocessing = 0;
		};
		51F000CB27E1F2CA00856D68 /* Sources */ = {
			isa = PBXSourcesBuildPhase;
			buildActionMask = 2147483647;
			files = (
				51F000D627E1F2CA00856D68 /* CurrencyConverterUITestsLaunchTests.swift in Sources */,
				51F000D427E1F2CA00856D68 /* CurrencyConverterUITests.swift in Sources */,
			);
			runOnlyForDeploymentPostprocessing = 0;
		};
/* End PBXSourcesBuildPhase section */

/* Begin PBXTargetDependency section */
		51F000C727E1F2CA00856D68 /* PBXTargetDependency */ = {
			isa = PBXTargetDependency;
			target = 51F000AE27E1F2C500856D68 /* СurrencyConverter */;
			targetProxy = 51F000C627E1F2CA00856D68 /* PBXContainerItemProxy */;
		};
		51F000D127E1F2CA00856D68 /* PBXTargetDependency */ = {
			isa = PBXTargetDependency;
			target = 51F000AE27E1F2C500856D68 /* СurrencyConverter */;
			targetProxy = 51F000D027E1F2CA00856D68 /* PBXContainerItemProxy */;
		};
/* End PBXTargetDependency section */

/* Begin PBXVariantGroup section */
		51F000B827E1F2C500856D68 /* Main.storyboard */ = {
			isa = PBXVariantGroup;
			children = (
				51F000B927E1F2C500856D68 /* Base */,
			);
			name = Main.storyboard;
			sourceTree = "<group>";
		};
		51F000BD27E1F2CA00856D68 /* LaunchScreen.storyboard */ = {
			isa = PBXVariantGroup;
			children = (
				51F000BE27E1F2CA00856D68 /* Base */,
			);
			name = LaunchScreen.storyboard;
			sourceTree = "<group>";
		};
/* End PBXVariantGroup section */

/* Begin XCBuildConfiguration section */
		51F000D727E1F2CA00856D68 /* Debug */ = {
			isa = XCBuildConfiguration;
			buildSettings = {
				ALWAYS_SEARCH_USER_PATHS = NO;
				CLANG_ANALYZER_NONNULL = YES;
				CLANG_ANALYZER_NUMBER_OBJECT_CONVERSION = YES_AGGRESSIVE;
				CLANG_CXX_LANGUAGE_STANDARD = "gnu++17";
				CLANG_CXX_LIBRARY = "libc++";
				CLANG_ENABLE_MODULES = YES;
				CLANG_ENABLE_OBJC_ARC = YES;
				CLANG_ENABLE_OBJC_WEAK = YES;
				CLANG_WARN_BLOCK_CAPTURE_AUTORELEASING = YES;
				CLANG_WARN_BOOL_CONVERSION = YES;
				CLANG_WARN_COMMA = YES;
				CLANG_WARN_CONSTANT_CONVERSION = YES;
				CLANG_WARN_DEPRECATED_OBJC_IMPLEMENTATIONS = YES;
				CLANG_WARN_DIRECT_OBJC_ISA_USAGE = YES_ERROR;
				CLANG_WARN_DOCUMENTATION_COMMENTS = YES;
				CLANG_WARN_EMPTY_BODY = YES;
				CLANG_WARN_ENUM_CONVERSION = YES;
				CLANG_WARN_INFINITE_RECURSION = YES;
				CLANG_WARN_INT_CONVERSION = YES;
				CLANG_WARN_NON_LITERAL_NULL_CONVERSION = YES;
				CLANG_WARN_OBJC_IMPLICIT_RETAIN_SELF = YES;
				CLANG_WARN_OBJC_LITERAL_CONVERSION = YES;
				CLANG_WARN_OBJC_ROOT_CLASS = YES_ERROR;
				CLANG_WARN_QUOTED_INCLUDE_IN_FRAMEWORK_HEADER = YES;
				CLANG_WARN_RANGE_LOOP_ANALYSIS = YES;
				CLANG_WARN_STRICT_PROTOTYPES = YES;
				CLANG_WARN_SUSPICIOUS_MOVE = YES;
				CLANG_WARN_UNGUARDED_AVAILABILITY = YES_AGGRESSIVE;
				CLANG_WARN_UNREACHABLE_CODE = YES;
				CLANG_WARN__DUPLICATE_METHOD_MATCH = YES;
				COPY_PHASE_STRIP = NO;
				DEBUG_INFORMATION_FORMAT = dwarf;
				ENABLE_STRICT_OBJC_MSGSEND = YES;
				ENABLE_TESTABILITY = YES;
				GCC_C_LANGUAGE_STANDARD = gnu11;
				GCC_DYNAMIC_NO_PIC = NO;
				GCC_NO_COMMON_BLOCKS = YES;
				GCC_OPTIMIZATION_LEVEL = 0;
				GCC_PREPROCESSOR_DEFINITIONS = (
					"DEBUG=1",
					"$(inherited)",
				);
				GCC_WARN_64_TO_32_BIT_CONVERSION = YES;
				GCC_WARN_ABOUT_RETURN_TYPE = YES_ERROR;
				GCC_WARN_UNDECLARED_SELECTOR = YES;
				GCC_WARN_UNINITIALIZED_AUTOS = YES_AGGRESSIVE;
				GCC_WARN_UNUSED_FUNCTION = YES;
				GCC_WARN_UNUSED_VARIABLE = YES;
				IPHONEOS_DEPLOYMENT_TARGET = 15.2;
				MTL_ENABLE_DEBUG_INFO = INCLUDE_SOURCE;
				MTL_FAST_MATH = YES;
				ONLY_ACTIVE_ARCH = YES;
				SDKROOT = iphoneos;
				SWIFT_ACTIVE_COMPILATION_CONDITIONS = DEBUG;
				SWIFT_OPTIMIZATION_LEVEL = "-Onone";
			};
			name = Debug;
		};
		51F000D827E1F2CA00856D68 /* Release */ = {
			isa = XCBuildConfiguration;
			buildSettings = {
				ALWAYS_SEARCH_USER_PATHS = NO;
				CLANG_ANALYZER_NONNULL = YES;
				CLANG_ANALYZER_NUMBER_OBJECT_CONVERSION = YES_AGGRESSIVE;
				CLANG_CXX_LANGUAGE_STANDARD = "gnu++17";
				CLANG_CXX_LIBRARY = "libc++";
				CLANG_ENABLE_MODULES = YES;
				CLANG_ENABLE_OBJC_ARC = YES;
				CLANG_ENABLE_OBJC_WEAK = YES;
				CLANG_WARN_BLOCK_CAPTURE_AUTORELEASING = YES;
				CLANG_WARN_BOOL_CONVERSION = YES;
				CLANG_WARN_COMMA = YES;
				CLANG_WARN_CONSTANT_CONVERSION = YES;
				CLANG_WARN_DEPRECATED_OBJC_IMPLEMENTATIONS = YES;
				CLANG_WARN_DIRECT_OBJC_ISA_USAGE = YES_ERROR;
				CLANG_WARN_DOCUMENTATION_COMMENTS = YES;
				CLANG_WARN_EMPTY_BODY = YES;
				CLANG_WARN_ENUM_CONVERSION = YES;
				CLANG_WARN_INFINITE_RECURSION = YES;
				CLANG_WARN_INT_CONVERSION = YES;
				CLANG_WARN_NON_LITERAL_NULL_CONVERSION = YES;
				CLANG_WARN_OBJC_IMPLICIT_RETAIN_SELF = YES;
				CLANG_WARN_OBJC_LITERAL_CONVERSION = YES;
				CLANG_WARN_OBJC_ROOT_CLASS = YES_ERROR;
				CLANG_WARN_QUOTED_INCLUDE_IN_FRAMEWORK_HEADER = YES;
				CLANG_WARN_RANGE_LOOP_ANALYSIS = YES;
				CLANG_WARN_STRICT_PROTOTYPES = YES;
				CLANG_WARN_SUSPICIOUS_MOVE = YES;
				CLANG_WARN_UNGUARDED_AVAILABILITY = YES_AGGRESSIVE;
				CLANG_WARN_UNREACHABLE_CODE = YES;
				CLANG_WARN__DUPLICATE_METHOD_MATCH = YES;
				COPY_PHASE_STRIP = NO;
				DEBUG_INFORMATION_FORMAT = "dwarf-with-dsym";
				ENABLE_NS_ASSERTIONS = NO;
				ENABLE_STRICT_OBJC_MSGSEND = YES;
				GCC_C_LANGUAGE_STANDARD = gnu11;
				GCC_NO_COMMON_BLOCKS = YES;
				GCC_WARN_64_TO_32_BIT_CONVERSION = YES;
				GCC_WARN_ABOUT_RETURN_TYPE = YES_ERROR;
				GCC_WARN_UNDECLARED_SELECTOR = YES;
				GCC_WARN_UNINITIALIZED_AUTOS = YES_AGGRESSIVE;
				GCC_WARN_UNUSED_FUNCTION = YES;
				GCC_WARN_UNUSED_VARIABLE = YES;
				IPHONEOS_DEPLOYMENT_TARGET = 15.2;
				MTL_ENABLE_DEBUG_INFO = NO;
				MTL_FAST_MATH = YES;
				SDKROOT = iphoneos;
				SWIFT_COMPILATION_MODE = wholemodule;
				SWIFT_OPTIMIZATION_LEVEL = "-O";
				VALIDATE_PRODUCT = YES;
			};
			name = Release;
		};
		51F000DA27E1F2CA00856D68 /* Debug */ = {
			isa = XCBuildConfiguration;
			buildSettings = {
				ASSETCATALOG_COMPILER_APPICON_NAME = AppIcon;
				ASSETCATALOG_COMPILER_GLOBAL_ACCENT_COLOR_NAME = AccentColor;
				CODE_SIGN_STYLE = Automatic;
				CURRENT_PROJECT_VERSION = 1;
				DEVELOPMENT_TEAM = TL2V4D22UR;
				GENERATE_INFOPLIST_FILE = YES;
				INFOPLIST_FILE = "СurrencyConverter/Info.plist";
				INFOPLIST_KEY_UIApplicationSupportsIndirectInputEvents = YES;
				INFOPLIST_KEY_UILaunchStoryboardName = LaunchScreen;
				INFOPLIST_KEY_UIMainStoryboardFile = Main;
				INFOPLIST_KEY_UISupportedInterfaceOrientations_iPad = "UIInterfaceOrientationPortrait UIInterfaceOrientationPortraitUpsideDown UIInterfaceOrientationLandscapeLeft UIInterfaceOrientationLandscapeRight";
				INFOPLIST_KEY_UISupportedInterfaceOrientations_iPhone = "UIInterfaceOrientationPortrait UIInterfaceOrientationLandscapeLeft UIInterfaceOrientationLandscapeRight";
				LD_RUNPATH_SEARCH_PATHS = (
					"$(inherited)",
					"@executable_path/Frameworks",
				);
				MARKETING_VERSION = 1.0;
				PRODUCT_BUNDLE_IDENTIFIER = "Fedosova-Viktorya.CurrencyConverter";
				PRODUCT_NAME = "$(TARGET_NAME)";
				SWIFT_EMIT_LOC_STRINGS = YES;
				SWIFT_VERSION = 5.0;
				TARGETED_DEVICE_FAMILY = "1,2";
			};
			name = Debug;
		};
		51F000DB27E1F2CA00856D68 /* Release */ = {
			isa = XCBuildConfiguration;
			buildSettings = {
				ASSETCATALOG_COMPILER_APPICON_NAME = AppIcon;
				ASSETCATALOG_COMPILER_GLOBAL_ACCENT_COLOR_NAME = AccentColor;
				CODE_SIGN_STYLE = Automatic;
				CURRENT_PROJECT_VERSION = 1;
				DEVELOPMENT_TEAM = TL2V4D22UR;
				GENERATE_INFOPLIST_FILE = YES;
				INFOPLIST_FILE = "СurrencyConverter/Info.plist";
				INFOPLIST_KEY_UIApplicationSupportsIndirectInputEvents = YES;
				INFOPLIST_KEY_UILaunchStoryboardName = LaunchScreen;
				INFOPLIST_KEY_UIMainStoryboardFile = Main;
				INFOPLIST_KEY_UISupportedInterfaceOrientations_iPad = "UIInterfaceOrientationPortrait UIInterfaceOrientationPortraitUpsideDown UIInterfaceOrientationLandscapeLeft UIInterfaceOrientationLandscapeRight";
				INFOPLIST_KEY_UISupportedInterfaceOrientations_iPhone = "UIInterfaceOrientationPortrait UIInterfaceOrientationLandscapeLeft UIInterfaceOrientationLandscapeRight";
				LD_RUNPATH_SEARCH_PATHS = (
					"$(inherited)",
					"@executable_path/Frameworks",
				);
				MARKETING_VERSION = 1.0;
				PRODUCT_BUNDLE_IDENTIFIER = "Fedosova-Viktorya.CurrencyConverter";
				PRODUCT_NAME = "$(TARGET_NAME)";
				SWIFT_EMIT_LOC_STRINGS = YES;
				SWIFT_VERSION = 5.0;
				TARGETED_DEVICE_FAMILY = "1,2";
			};
			name = Release;
		};
		51F000DD27E1F2CA00856D68 /* Debug */ = {
			isa = XCBuildConfiguration;
			buildSettings = {
				ALWAYS_EMBED_SWIFT_STANDARD_LIBRARIES = YES;
				BUNDLE_LOADER = "$(TEST_HOST)";
				CODE_SIGN_STYLE = Automatic;
				CURRENT_PROJECT_VERSION = 1;
				DEVELOPMENT_TEAM = TL2V4D22UR;
				GENERATE_INFOPLIST_FILE = YES;
				IPHONEOS_DEPLOYMENT_TARGET = 15.2;
				MARKETING_VERSION = 1.0;
				PRODUCT_BUNDLE_IDENTIFIER = "Fedosova-Viktorya.CurrencyConverterTests";
				PRODUCT_NAME = "$(TARGET_NAME)";
				SWIFT_EMIT_LOC_STRINGS = NO;
				SWIFT_VERSION = 5.0;
				TARGETED_DEVICE_FAMILY = "1,2";
				TEST_HOST = "$(BUILT_PRODUCTS_DIR)/СurrencyConverter.app/СurrencyConverter";
			};
			name = Debug;
		};
		51F000DE27E1F2CA00856D68 /* Release */ = {
			isa = XCBuildConfiguration;
			buildSettings = {
				ALWAYS_EMBED_SWIFT_STANDARD_LIBRARIES = YES;
				BUNDLE_LOADER = "$(TEST_HOST)";
				CODE_SIGN_STYLE = Automatic;
				CURRENT_PROJECT_VERSION = 1;
				DEVELOPMENT_TEAM = TL2V4D22UR;
				GENERATE_INFOPLIST_FILE = YES;
				IPHONEOS_DEPLOYMENT_TARGET = 15.2;
				MARKETING_VERSION = 1.0;
				PRODUCT_BUNDLE_IDENTIFIER = "Fedosova-Viktorya.CurrencyConverterTests";
				PRODUCT_NAME = "$(TARGET_NAME)";
				SWIFT_EMIT_LOC_STRINGS = NO;
				SWIFT_VERSION = 5.0;
				TARGETED_DEVICE_FAMILY = "1,2";
				TEST_HOST = "$(BUILT_PRODUCTS_DIR)/СurrencyConverter.app/СurrencyConverter";
			};
			name = Release;
		};
		51F000E027E1F2CA00856D68 /* Debug */ = {
			isa = XCBuildConfiguration;
			buildSettings = {
				ALWAYS_EMBED_SWIFT_STANDARD_LIBRARIES = YES;
				CODE_SIGN_STYLE = Automatic;
				CURRENT_PROJECT_VERSION = 1;
				DEVELOPMENT_TEAM = TL2V4D22UR;
				GENERATE_INFOPLIST_FILE = YES;
				MARKETING_VERSION = 1.0;
				PRODUCT_BUNDLE_IDENTIFIER = "Fedosova-Viktorya.CurrencyConverterUITests";
				PRODUCT_NAME = "$(TARGET_NAME)";
				SWIFT_EMIT_LOC_STRINGS = NO;
				SWIFT_VERSION = 5.0;
				TARGETED_DEVICE_FAMILY = "1,2";
				TEST_TARGET_NAME = "СurrencyConverter";
			};
			name = Debug;
		};
		51F000E127E1F2CA00856D68 /* Release */ = {
			isa = XCBuildConfiguration;
			buildSettings = {
				ALWAYS_EMBED_SWIFT_STANDARD_LIBRARIES = YES;
				CODE_SIGN_STYLE = Automatic;
				CURRENT_PROJECT_VERSION = 1;
				DEVELOPMENT_TEAM = TL2V4D22UR;
				GENERATE_INFOPLIST_FILE = YES;
				MARKETING_VERSION = 1.0;
				PRODUCT_BUNDLE_IDENTIFIER = "Fedosova-Viktorya.CurrencyConverterUITests";
				PRODUCT_NAME = "$(TARGET_NAME)";
				SWIFT_EMIT_LOC_STRINGS = NO;
				SWIFT_VERSION = 5.0;
				TARGETED_DEVICE_FAMILY = "1,2";
				TEST_TARGET_NAME = "СurrencyConverter";
			};
			name = Release;
		};
/* End XCBuildConfiguration section */

/* Begin XCConfigurationList section */
		51F000AA27E1F2C500856D68 /* Build configuration list for PBXProject "СurrencyConverter" */ = {
			isa = XCConfigurationList;
			buildConfigurations = (
				51F000D727E1F2CA00856D68 /* Debug */,
				51F000D827E1F2CA00856D68 /* Release */,
			);
			defaultConfigurationIsVisible = 0;
			defaultConfigurationName = Release;
		};
		51F000D927E1F2CA00856D68 /* Build configuration list for PBXNativeTarget "СurrencyConverter" */ = {
			isa = XCConfigurationList;
			buildConfigurations = (
				51F000DA27E1F2CA00856D68 /* Debug */,
				51F000DB27E1F2CA00856D68 /* Release */,
			);
			defaultConfigurationIsVisible = 0;
			defaultConfigurationName = Release;
		};
		51F000DC27E1F2CA00856D68 /* Build configuration list for PBXNativeTarget "СurrencyConverterTests" */ = {
			isa = XCConfigurationList;
			buildConfigurations = (
				51F000DD27E1F2CA00856D68 /* Debug */,
				51F000DE27E1F2CA00856D68 /* Release */,
			);
			defaultConfigurationIsVisible = 0;
			defaultConfigurationName = Release;
		};
		51F000DF27E1F2CA00856D68 /* Build configuration list for PBXNativeTarget "СurrencyConverterUITests" */ = {
			isa = XCConfigurationList;
			buildConfigurations = (
				51F000E027E1F2CA00856D68 /* Debug */,
				51F000E127E1F2CA00856D68 /* Release */,
			);
			defaultConfigurationIsVisible = 0;
			defaultConfigurationName = Release;
		};
/* End XCConfigurationList section */

/* Begin XCRemoteSwiftPackageReference section */
		514603C827FEEAEC00767A82 /* XCRemoteSwiftPackageReference "Alamofire" */ = {
			isa = XCRemoteSwiftPackageReference;
			repositoryURL = "https://github.com/Alamofire/Alamofire.git";
			requirement = {
				branch = master;
				kind = branch;
			};
		};
/* End XCRemoteSwiftPackageReference section */

/* Begin XCSwiftPackageProductDependency section */
		514603C927FEEAEC00767A82 /* Alamofire */ = {
			isa = XCSwiftPackageProductDependency;
			package = 514603C827FEEAEC00767A82 /* XCRemoteSwiftPackageReference "Alamofire" */;
			productName = Alamofire;
		};
/* End XCSwiftPackageProductDependency section */
	};
	rootObject = 51F000A727E1F2C500856D68 /* Project object */;
}
